
Microsoft Visual Studio Solution File, Format Version 12.00
# Visual Studio 15
VisualStudioVersion = 15.0.26228.9
MinimumVisualStudioVersion = 10.0.40219.1
Project("{FAE04EC0-301F-11D3-BF4B-00C04F79EFBC}") = "masiviuprajneniq", "masiviuprajneniq\masiviuprajneniq.csproj", "{538FCB6F-D582-412E-A6A7-E590AA616372}"
EndProject
Project("{FAE04EC0-301F-11D3-BF4B-00C04F79EFBC}") = "chetnichisla2zadupr14", "chetnichisla2zadupr14\chetnichisla2zadupr14.csproj", "{BECA9485-A45B-4188-BED5-FB4AD4FCD7D6}"
EndProject
Project("{FAE04EC0-301F-11D3-BF4B-00C04F79EFBC}") = "listkrainosti", "listkrainosti\listkrainosti.csproj", "{B0D43198-2E1A-4888-B7F1-C44E805788BC}"
EndProject
Global
	GlobalSection(SolutionConfigurationPlatforms) = preSolution
		Debug|Any CPU = Debug|Any CPU
		Release|Any CPU = Release|Any CPU
	EndGlobalSection
	GlobalSection(ProjectConfigurationPlatforms) = postSolution
		{538FCB6F-D582-412E-A6A7-E590AA616372}.Debug|Any CPU.ActiveCfg = Debug|Any CPU
		{538FCB6F-D582-412E-A6A7-E590AA616372}.Debug|Any CPU.Build.0 = Debug|Any CPU
		{538FCB6F-D582-412E-A6A7-E590AA616372}.Release|Any CPU.ActiveCfg = Release|Any CPU
		{538FCB6F-D582-412E-A6A7-E590AA616372}.Release|Any CPU.Build.0 = Release|Any CPU
		{BECA9485-A45B-4188-BED5-FB4AD4FCD7D6}.Debug|Any CPU.ActiveCfg = Debug|Any CPU
		{BECA9485-A45B-4188-BED5-FB4AD4FCD7D6}.Debug|Any CPU.Build.0 = Debug|Any CPU
		{BECA9485-A45B-4188-BED5-FB4AD4FCD7D6}.Release|Any CPU.ActiveCfg = Release|Any CPU
		{BECA9485-A45B-4188-BED5-FB4AD4FCD7D6}.Release|Any CPU.Build.0 = Release|Any CPU
		{B0D43198-2E1A-4888-B7F1-C44E805788BC}.Debug|Any CPU.ActiveCfg = Debug|Any CPU
		{B0D43198-2E1A-4888-B7F1-C44E805788BC}.Debug|Any CPU.Build.0 = Debug|Any CPU
		{B0D43198-2E1A-4888-B7F1-C44E805788BC}.Release|Any CPU.ActiveCfg = Release|Any CPU
		{B0D43198-2E1A-4888-B7F1-C44E805788BC}.Release|Any CPU.Build.0 = Release|Any CPU
	EndGlobalSection
	GlobalSection(SolutionProperties) = preSolution
		HideSolutionNode = FALSE
	EndGlobalSection
EndGlobal
